
Microsoft Visual Studio Solution File, Format Version 12.00
# Visual Studio Version 17
VisualStudioVersion = 17.8.34330.188
MinimumVisualStudioVersion = 10.0.40219.1
Project("{FAE04EC0-301F-11D3-BF4B-00C04F79EFBC}") = "Autofac-console-keyed", "Autofac-console\Autofac-console-keyed.csproj", "{5A959B31-37C1-4CF1-8C12-175ED5E24AEE}"
EndProject
Project("{FAE04EC0-301F-11D3-BF4B-00C04F79EFBC}") = "Autofac-console-keyed-Module", "Autofac-console-keyed-Module\Autofac-console-keyed-Module.csproj", "{DF3E8346-B425-4FB5-800D-6213934B9961}"
EndProject
Global
	GlobalSection(SolutionConfigurationPlatforms) = preSolution
		Debug|Any CPU = Debug|Any CPU
		Release|Any CPU = Release|Any CPU
	EndGlobalSection
	GlobalSection(ProjectConfigurationPlatforms) = postSolution
		{5A959B31-37C1-4CF1-8C12-175ED5E24AEE}.Debug|Any CPU.ActiveCfg = Debug|Any CPU
		{5A959B31-37C1-4CF1-8C12-175ED5E24AEE}.Debug|Any CPU.Build.0 = Debug|Any CPU
		{5A959B31-37C1-4CF1-8C12-175ED5E24AEE}.Release|Any CPU.ActiveCfg = Release|Any CPU
		{5A959B31-37C1-4CF1-8C12-175ED5E24AEE}.Release|Any CPU.Build.0 = Release|Any CPU
		{DF3E8346-B425-4FB5-800D-6213934B9961}.Debug|Any CPU.ActiveCfg = Debug|Any CPU
		{DF3E8346-B425-4FB5-800D-6213934B9961}.Debug|Any CPU.Build.0 = Debug|Any CPU
		{DF3E8346-B425-4FB5-800D-6213934B9961}.Release|Any CPU.ActiveCfg = Release|Any CPU
		{DF3E8346-B425-4FB5-800D-6213934B9961}.Release|Any CPU.Build.0 = Release|Any CPU
	EndGlobalSection
	GlobalSection(SolutionProperties) = preSolution
		HideSolutionNode = FALSE
	EndGlobalSection
	GlobalSection(ExtensibilityGlobals) = postSolution
		SolutionGuid = {1F176A20-3803-47BA-BF7B-85A7CC92ED2C}
	EndGlobalSection
EndGlobal
